
Microsoft Visual Studio Solution File, Format Version 12.00
# Visual Studio Version 17
VisualStudioVersion = 17.7.34202.233
MinimumVisualStudioVersion = 10.0.40219.1
Project("{8BC9CEB8-8B4A-11D0-8D11-00A0C91BC942}") = "Enigma Machine", "Enigma Machine\Enigma Machine.vcxproj", "{DC7E58F1-78F3-4FF7-8AAE-8292AC51332D}"
EndProject
Global
	GlobalSection(SolutionConfigurationPlatforms) = preSolution
		Debug|x64 = Debug|x64
		Debug|x86 = Debug|x86
		Release|x64 = Release|x64
		Release|x86 = Release|x86
	EndGlobalSection
	GlobalSection(ProjectConfigurationPlatforms) = postSolution
		{DC7E58F1-78F3-4FF7-8AAE-8292AC51332D}.Debug|x64.ActiveCfg = Debug|x64
		{DC7E58F1-78F3-4FF7-8AAE-8292AC51332D}.Debug|x64.Build.0 = Debug|x64
		{DC7E58F1-78F3-4FF7-8AAE-8292AC51332D}.Debug|x86.ActiveCfg = Debug|Win32
		{DC7E58F1-78F3-4FF7-8AAE-8292AC51332D}.Debug|x86.Build.0 = Debug|Win32
		{DC7E58F1-78F3-4FF7-8AAE-8292AC51332D}.Release|x64.ActiveCfg = Release|x64
		{DC7E58F1-78F3-4FF7-8AAE-8292AC51332D}.Release|x64.Build.0 = Release|x64
		{DC7E58F1-78F3-4FF7-8AAE-8292AC51332D}.Release|x86.ActiveCfg = Release|Win32
		{DC7E58F1-78F3-4FF7-8AAE-8292AC51332D}.Release|x86.Build.0 = Release|Win32
	EndGlobalSection
	GlobalSection(SolutionProperties) = preSolution
		HideSolutionNode = FALSE
	EndGlobalSection
	GlobalSection(ExtensibilityGlobals) = postSolution
		SolutionGuid = {901EC801-8464-4D92-8576-58B3533CDA89}
	EndGlobalSection
EndGlobal
